Microsoft Visual Studio Solution File, Format Version 11.00
# Visual Studio 2008

Project("{D0B05CE9-F0B2-0B75-8863-DDAEBAA75E68}") = "jogo navee", "Assembly-CSharp-firstpass.csproj", "{A4B39C76-7D41-A872-B8BB-8C276FB75266}"
EndProject
Project("{D0B05CE9-F0B2-0B75-8863-DDAEBAA75E68}") = "jogo navee", "Assembly-CSharp.csproj", "{5B5853E0-4397-C21B-6345-5D6D7CC376FA}"
EndProject
Project("{D0B05CE9-F0B2-0B75-8863-DDAEBAA75E68}") = "jogo navee", "Assembly-CSharp-Editor.csproj", "{7E172A3C-F7F7-837A-A57A-4854E469FFE3}"
EndProject
Project("{D0B05CE9-F0B2-0B75-8863-DDAEBAA75E68}") = "jogo navee", "Assembly-UnityScript.unityproj", "{F6EC0E71-94F8-5829-6D51-6FF8F98CD0FD}"
EndProject
Global
	GlobalSection(SolutionConfigurationPlatforms) = preSolution
		Debug|Any CPU = Debug|Any CPU
		Release|Any CPU = Release|Any CPU
	EndGlobalSection
	GlobalSection(ProjectConfigurationPlatforms) = postSolution
		{A4B39C76-7D41-A872-B8BB-8C276FB75266}.Debug|Any CPU.ActiveCfg = Debug|Any CPU
		{A4B39C76-7D41-A872-B8BB-8C276FB75266}.Debug|Any CPU.Build.0 = Debug|Any CPU
		{A4B39C76-7D41-A872-B8BB-8C276FB75266}.Release|Any CPU.ActiveCfg = Release|Any CPU
		{A4B39C76-7D41-A872-B8BB-8C276FB75266}.Release|Any CPU.Build.0 = Release|Any CPU
		{5B5853E0-4397-C21B-6345-5D6D7CC376FA}.Debug|Any CPU.ActiveCfg = Debug|Any CPU
		{5B5853E0-4397-C21B-6345-5D6D7CC376FA}.Debug|Any CPU.Build.0 = Debug|Any CPU
		{5B5853E0-4397-C21B-6345-5D6D7CC376FA}.Release|Any CPU.ActiveCfg = Release|Any CPU
		{5B5853E0-4397-C21B-6345-5D6D7CC376FA}.Release|Any CPU.Build.0 = Release|Any CPU
		{7E172A3C-F7F7-837A-A57A-4854E469FFE3}.Debug|Any CPU.ActiveCfg = Debug|Any CPU
		{7E172A3C-F7F7-837A-A57A-4854E469FFE3}.Debug|Any CPU.Build.0 = Debug|Any CPU
		{7E172A3C-F7F7-837A-A57A-4854E469FFE3}.Release|Any CPU.ActiveCfg = Release|Any CPU
		{7E172A3C-F7F7-837A-A57A-4854E469FFE3}.Release|Any CPU.Build.0 = Release|Any CPU
		{F6EC0E71-94F8-5829-6D51-6FF8F98CD0FD}.Debug|Any CPU.ActiveCfg = Debug|Any CPU
		{F6EC0E71-94F8-5829-6D51-6FF8F98CD0FD}.Debug|Any CPU.Build.0 = Debug|Any CPU
		{F6EC0E71-94F8-5829-6D51-6FF8F98CD0FD}.Release|Any CPU.ActiveCfg = Release|Any CPU
		{F6EC0E71-94F8-5829-6D51-6FF8F98CD0FD}.Release|Any CPU.Build.0 = Release|Any CPU
	EndGlobalSection
	GlobalSection(SolutionProperties) = preSolution
		HideSolutionNode = FALSE
	EndGlobalSection
																																						GlobalSection(MonoDevelopProperties) = preSolution
		StartupItem = Assembly-CSharp.csproj
		Policies = $0
		$0.TextStylePolicy = $1
		$1.inheritsSet = null
		$1.scope = text/x-csharp
		$0.CSharpFormattingPolicy = $2
		$2.inheritsSet = Mono
		$2.inheritsScope = text/x-csharp
		$2.scope = text/x-csharp
		$0.TextStylePolicy = $3
		$3.FileWidth = 120
		$3.TabWidth = 4
		$3.IndentWidth = 4
		$3.EolMarker = Unix
		$3.inheritsSet = Mono
		$3.inheritsScope = text/plain
		$3.scope = text/plain
	EndGlobalSection

EndGlobal
